// !$*UTF8*$!
{
	archiveVersion = 1;
	classes = {
	};
	objectVersion = 46;
	objects = {

/* Begin PBXBuildFile section */
		59AA5D6A19EB4E7500A7F590 /* AppDelegate.swift in Sources */ = {isa = PBXBuildFile; fileRef = 59AA5D6919EB4E7500A7F590 /* AppDelegate.swift */; };
		59AA5D6C19EB4E7500A7F590 /* ViewController.swift in Sources */ = {isa = PBXBuildFile; fileRef = 59AA5D6B19EB4E7500A7F590 /* ViewController.swift */; };
		59AA5D6F19EB4E7500A7F590 /* Main.storyboard in Resources */ = {isa = PBXBuildFile; fileRef = 59AA5D6D19EB4E7500A7F590 /* Main.storyboard */; };
		59AA5D7119EB4E7500A7F590 /* Images.xcassets in Resources */ = {isa = PBXBuildFile; fileRef = 59AA5D7019EB4E7500A7F590 /* Images.xcassets */; };
		59AA5D7419EB4E7500A7F590 /* LaunchScreen.xib in Resources */ = {isa = PBXBuildFile; fileRef = 59AA5D7219EB4E7500A7F590 /* LaunchScreen.xib */; };
		59AA5D8019EB4E7500A7F590 /* TipCalcTests.swift in Sources */ = {isa = PBXBuildFile; fileRef = 59AA5D7F19EB4E7500A7F590 /* TipCalcTests.swift */; };
		59AA5D8A19EB564C00A7F590 /* TipCalculatorModel.swift in Sources */ = {isa = PBXBuildFile; fileRef = 59AA5D8919EB564C00A7F590 /* TipCalculatorModel.swift */; };
/* End PBXBuildFile section */

/* Begin PBXContainerItemProxy section */
		59AA5D7A19EB4E7500A7F590 /* PBXContainerItemProxy */ = {
			isa = PBXContainerItemProxy;
			containerPortal = 59AA5D5C19EB4E7500A7F590 /* Project object */;
			proxyType = 1;
			remoteGlobalIDString = 59AA5D6319EB4E7500A7F590;
			remoteInfo = TipCalc;
		};
/* End PBXContainerItemProxy section */

/* Begin PBXFileReference section */
		59AA5D6419EB4E7500A7F590 /* TipCalc.app */ = {isa = PBXFileReference; explicitFileType = wrapper.application; includeInIndex = 0; path = TipCalc.app; sourceTree = BUILT_PRODUCTS_DIR; };
		59AA5D6819EB4E7500A7F590 /* Info.plist */ = {isa = PBXFileReference; lastKnownFileType = text.plist.xml; path = Info.plist; sourceTree = "<group>"; };
		59AA5D6919EB4E7500A7F590 /* AppDelegate.swift */ = {isa = PBXFileReference; lastKnownFileType = sourcecode.swift; path = AppDelegate.swift; sourceTree = "<group>"; };
		59AA5D6B19EB4E7500A7F590 /* ViewController.swift */ = {isa = PBXFileReference; lastKnownFileType = sourcecode.swift; path = ViewController.swift; sourceTree = "<group>"; };
		59AA5D6E19EB4E7500A7F590 /* Base */ = {isa = PBXFileReference; lastKnownFileType = file.storyboard; name = Base; path = Base.lproj/Main.storyboard; sourceTree = "<group>"; };
		59AA5D7019EB4E7500A7F590 /* Images.xcassets */ = {isa = PBXFileReference; lastKnownFileType = folder.assetcatalog; path = Images.xcassets; sourceTree = "<group>"; };
		59AA5D7319EB4E7500A7F590 /* Base */ = {isa = PBXFileReference; lastKnownFileType = file.xib; name = Base; path = Base.lproj/LaunchScreen.xib; sourceTree = "<group>"; };
		59AA5D7919EB4E7500A7F590 /* TipCalcTests.xctest */ = {isa = PBXFileReference; explicitFileType = wrapper.cfbundle; includeInIndex = 0; path = TipCalcTests.xctest; sourceTree = BUILT_PRODUCTS_DIR; };
		59AA5D7E19EB4E7500A7F590 /* Info.plist */ = {isa = PBXFileReference; lastKnownFileType = text.plist.xml; path = Info.plist; sourceTree = "<group>"; };
		59AA5D7F19EB4E7500A7F590 /* TipCalcTests.swift */ = {isa = PBXFileReference; lastKnownFileType = sourcecode.swift; path = TipCalcTests.swift; sourceTree = "<group>"; };
		59AA5D8919EB564C00A7F590 /* TipCalculatorModel.swift */ = {isa = PBXFileReference; fileEncoding = 4; lastKnownFileType = sourcecode.swift; path = TipCalculatorModel.swift; sourceTree = "<group>"; };
/* End PBXFileReference section */

/* Begin PBXFrameworksBuildPhase section */
		59AA5D6119EB4E7500A7F590 /* Frameworks */ = {
			isa = PBXFrameworksBuildPhase;
			buildActionMask = 2147483647;
			files = (
			);
			runOnlyForDeploymentPostprocessing = 0;
		};
		59AA5D7619EB4E7500A7F590 /* Frameworks */ = {
			isa = PBXFrameworksBuildPhase;
			buildActionMask = 2147483647;
			files = (
			);
			runOnlyForDeploymentPostprocessing = 0;
		};
/* End PBXFrameworksBuildPhase section */

/* Begin PBXGroup section */
		59AA5D5B19EB4E7500A7F590 = {
			isa = PBXGroup;
			children = (
				59AA5D6619EB4E7500A7F590 /* TipCalc */,
				59AA5D7C19EB4E7500A7F590 /* TipCalcTests */,
				59AA5D6519EB4E7500A7F590 /* Products */,
			);
			sourceTree = "<group>";
		};
		59AA5D6519EB4E7500A7F590 /* Products */ = {
			isa = PBXGroup;
			children = (
				59AA5D6419EB4E7500A7F590 /* TipCalc.app */,
				59AA5D7919EB4E7500A7F590 /* TipCalcTests.xctest */,
			);
			name = Products;
			sourceTree = "<group>";
		};
		59AA5D6619EB4E7500A7F590 /* TipCalc */ = {
			isa = PBXGroup;
			children = (
				59AA5D6919EB4E7500A7F590 /* AppDelegate.swift */,
				59AA5D6B19EB4E7500A7F590 /* ViewController.swift */,
				59AA5D6D19EB4E7500A7F590 /* Main.storyboard */,
				59AA5D7019EB4E7500A7F590 /* Images.xcassets */,
				59AA5D7219EB4E7500A7F590 /* LaunchScreen.xib */,
				59AA5D6719EB4E7500A7F590 /* Supporting Files */,
				59AA5D8919EB564C00A7F590 /* TipCalculatorModel.swift */,
			);
			path = TipCalc;
			sourceTree = "<group>";
		};
		59AA5D6719EB4E7500A7F590 /* Supporting Files */ = {
			isa = PBXGroup;
			children = (
				59AA5D6819EB4E7500A7F590 /* Info.plist */,
			);
			name = "Supporting Files";
			sourceTree = "<group>";
		};
		59AA5D7C19EB4E7500A7F590 /* TipCalcTests */ = {
			isa = PBXGroup;
			children = (
				59AA5D7F19EB4E7500A7F590 /* TipCalcTests.swift */,
				59AA5D7D19EB4E7500A7F590 /* Supporting Files */,
			);
			path = TipCalcTests;
			sourceTree = "<group>";
		};
		59AA5D7D19EB4E7500A7F590 /* Supporting Files */ = {
			isa = PBXGroup;
			children = (
				59AA5D7E19EB4E7500A7F590 /* Info.plist */,
			);
			name = "Supporting Files";
			sourceTree = "<group>";
		};
/* End PBXGroup section */

/* Begin PBXNativeTarget section */
		59AA5D6319EB4E7500A7F590 /* TipCalc */ = {
			isa = PBXNativeTarget;
			buildConfigurationList = 59AA5D8319EB4E7500A7F590 /* Build configuration list for PBXNativeTarget "TipCalc" */;
			buildPhases = (
				59AA5D6019EB4E7500A7F590 /* Sources */,
				59AA5D6119EB4E7500A7F590 /* Frameworks */,
				59AA5D6219EB4E7500A7F590 /* Resources */,
			);
			buildRules = (
			);
			dependencies = (
			);
			name = TipCalc;
			productName = TipCalc;
			productReference = 59AA5D6419EB4E7500A7F590 /* TipCalc.app */;
			productType = "com.apple.product-type.application";
		};
		59AA5D7819EB4E7500A7F590 /* TipCalcTests */ = {
			isa = PBXNativeTarget;
			buildConfigurationList = 59AA5D8619EB4E7500A7F590 /* Build configuration list for PBXNativeTarget "TipCalcTests" */;
			buildPhases = (
				59AA5D7519EB4E7500A7F590 /* Sources */,
				59AA5D7619EB4E7500A7F590 /* Frameworks */,
				59AA5D7719EB4E7500A7F590 /* Resources */,
			);
			buildRules = (
			);
			dependencies = (
				59AA5D7B19EB4E7500A7F590 /* PBXTargetDependency */,
			);
			name = TipCalcTests;
			productName = TipCalcTests;
			productReference = 59AA5D7919EB4E7500A7F590 /* TipCalcTests.xctest */;
			productType = "com.apple.product-type.bundle.unit-test";
		};
/* End PBXNativeTarget section */

/* Begin PBXProject section */
		59AA5D5C19EB4E7500A7F590 /* Project object */ = {
			isa = PBXProject;
			attributes = {
				LastUpgradeCheck = 0600;
				ORGANIZATIONNAME = "Yasasvi Tadavarthi";
				TargetAttributes = {
					59AA5D6319EB4E7500A7F590 = {
						CreatedOnToolsVersion = 6.0.1;
					};
					59AA5D7819EB4E7500A7F590 = {
						CreatedOnToolsVersion = 6.0.1;
						TestTargetID = 59AA5D6319EB4E7500A7F590;
					};
				};
			};
			buildConfigurationList = 59AA5D5F19EB4E7500A7F590 /* Build configuration list for PBXProject "TipCalc" */;
			compatibilityVersion = "Xcode 3.2";
			developmentRegion = English;
			hasScannedForEncodings = 0;
			knownRegions = (
				en,
				Base,
			);
			mainGroup = 59AA5D5B19EB4E7500A7F590;
			productRefGroup = 59AA5D6519EB4E7500A7F590 /* Products */;
			projectDirPath = "";
			projectRoot = "";
			targets = (
				59AA5D6319EB4E7500A7F590 /* TipCalc */,
				59AA5D7819EB4E7500A7F590 /* TipCalcTests */,
			);
		};
/* End PBXProject section */

/* Begin PBXResourcesBuildPhase section */
		59AA5D6219EB4E7500A7F590 /* Resources */ = {
			isa = PBXResourcesBuildPhase;
			buildActionMask = 2147483647;
			files = (
				59AA5D6F19EB4E7500A7F590 /* Main.storyboard in Resources */,
				59AA5D7419EB4E7500A7F590 /* LaunchScreen.xib in Resources */,
				59AA5D7119EB4E7500A7F590 /* Images.xcassets in Resources */,
			);
			runOnlyForDeploymentPostprocessing = 0;
		};
		59AA5D7719EB4E7500A7F590 /* Resources */ = {
			isa = PBXResourcesBuildPhase;
			buildActionMask = 2147483647;
			files = (
			);
			runOnlyForDeploymentPostprocessing = 0;
		};
/* End PBXResourcesBuildPhase section */

/* Begin PBXSourcesBuildPhase section */
		59AA5D6019EB4E7500A7F590 /* Sources */ = {
			isa = PBXSourcesBuildPhase;
			buildActionMask = 2147483647;
			files = (
				59AA5D8A19EB564C00A7F590 /* TipCalculatorModel.swift in Sources */,
				59AA5D6C19EB4E7500A7F590 /* ViewController.swift in Sources */,
				59AA5D6A19EB4E7500A7F590 /* AppDelegate.swift in Sources */,
			);
			runOnlyForDeploymentPostprocessing = 0;
		};
		59AA5D7519EB4E7500A7F590 /* Sources */ = {
			isa = PBXSourcesBuildPhase;
			buildActionMask = 2147483647;
			files = (
				59AA5D8019EB4E7500A7F590 /* TipCalcTests.swift in Sources */,
			);
			runOnlyForDeploymentPostprocessing = 0;
		};
/* End PBXSourcesBuildPhase section */

/* Begin PBXTargetDependency section */
		59AA5D7B19EB4E7500A7F590 /* PBXTargetDependency */ = {
			isa = PBXTargetDependency;
			target = 59AA5D6319EB4E7500A7F590 /* TipCalc */;
			targetProxy = 59AA5D7A19EB4E7500A7F590 /* PBXContainerItemProxy */;
		};
/* End PBXTargetDependency section */

/* Begin PBXVariantGroup section */
		59AA5D6D19EB4E7500A7F590 /* Main.storyboard */ = {
			isa = PBXVariantGroup;
			children = (
				59AA5D6E19EB4E7500A7F590 /* Base */,
			);
			name = Main.storyboard;
			sourceTree = "<group>";
		};
		59AA5D7219EB4E7500A7F590 /* LaunchScreen.xib */ = {
			isa = PBXVariantGroup;
			children = (
				59AA5D7319EB4E7500A7F590 /* Base */,
			);
			name = LaunchScreen.xib;
			sourceTree = "<group>";
		};
/* End PBXVariantGroup section */

/* Begin XCBuildConfiguration section */
		59AA5D8119EB4E7500A7F590 /* Debug */ = {
			isa = XCBuildConfiguration;
			buildSettings = {
				ALWAYS_SEARCH_USER_PATHS = NO;
				CLANG_CXX_LANGUAGE_STANDARD = "gnu++0x";
				CLANG_CXX_LIBRARY = "libc++";
				CLANG_ENABLE_MODULES = YES;
				CLANG_ENABLE_OBJC_ARC = YES;
				CLANG_WARN_BOOL_CONVERSION = YES;
				CLANG_WARN_CONSTANT_CONVERSION = YES;
				CLANG_WARN_DIRECT_OBJC_ISA_USAGE = YES_ERROR;
				CLANG_WARN_EMPTY_BODY = YES;
				CLANG_WARN_ENUM_CONVERSION = YES;
				CLANG_WARN_INT_CONVERSION = YES;
				CLANG_WARN_OBJC_ROOT_CLASS = YES_ERROR;
				CLANG_WARN_UNREACHABLE_CODE = YES;
				CLANG_WARN__DUPLICATE_METHOD_MATCH = YES;
				"CODE_SIGN_IDENTITY[sdk=iphoneos*]" = "iPhone Developer";
				COPY_PHASE_STRIP = NO;
				ENABLE_STRICT_OBJC_MSGSEND = YES;
				GCC_C_LANGUAGE_STANDARD = gnu99;
				GCC_DYNAMIC_NO_PIC = NO;
				GCC_OPTIMIZATION_LEVEL = 0;
				GCC_PREPROCESSOR_DEFINITIONS = (
					"DEBUG=1",
					"$(inherited)",
				);
				GCC_SYMBOLS_PRIVATE_EXTERN = NO;
				GCC_WARN_64_TO_32_BIT_CONVERSION = YES;
				GCC_WARN_ABOUT_RETURN_TYPE = YES_ERROR;
				GCC_WARN_UNDECLARED_SELECTOR = YES;
				GCC_WARN_UNINITIALIZED_AUTOS = YES_AGGRESSIVE;
				GCC_WARN_UNUSED_FUNCTION = YES;
				GCC_WARN_UNUSED_VARIABLE = YES;
				IPHONEOS_DEPLOYMENT_TARGET = 8.0;
				MTL_ENABLE_DEBUG_INFO = YES;
				ONLY_ACTIVE_ARCH = YES;
				SDKROOT = iphoneos;
				SWIFT_OPTIMIZATION_LEVEL = "-Onone";
			};
			name = Debug;
		};
		59AA5D8219EB4E7500A7F590 /* Release */ = {
			isa = XCBuildConfiguration;
			buildSettings = {
				ALWAYS_SEARCH_USER_PATHS = NO;
				CLANG_CXX_LANGUAGE_STANDARD = "gnu++0x";
				CLANG_CXX_LIBRARY = "libc++";
				CLANG_ENABLE_MODULES = YES;
				CLANG_ENABLE_OBJC_ARC = YES;
				CLANG_WARN_BOOL_CONVERSION = YES;
				CLANG_WARN_CONSTANT_CONVERSION = YES;
				CLANG_WARN_DIRECT_OBJC_ISA_USAGE = YES_ERROR;
				CLANG_WARN_EMPTY_BODY = YES;
				CLANG_WARN_ENUM_CONVERSION = YES;
				CLANG_WARN_INT_CONVERSION = YES;
				CLANG_WARN_OBJC_ROOT_CLASS = YES_ERROR;
				CLANG_WARN_UNREACHABLE_CODE = YES;
				CLANG_WARN__DUPLICATE_METHOD_MATCH = YES;
				"CODE_SIGN_IDENTITY[sdk=iphoneos*]" = "iPhone Developer";
				COPY_PHASE_STRIP = YES;
				ENABLE_NS_ASSERTIONS = NO;
				ENABLE_STRICT_OBJC_MSGSEND = YES;
				GCC_C_LANGUAGE_STANDARD = gnu99;
				GCC_WARN_64_TO_32_BIT_CONVERSION = YES;
				GCC_WARN_ABOUT_RETURN_TYPE = YES_ERROR;
				GCC_WARN_UNDECLARED_SELECTOR = YES;
				GCC_WARN_UNINITIALIZED_AUTOS = YES_AGGRESSIVE;
				GCC_WARN_UNUSED_FUNCTION = YES;
				GCC_WARN_UNUSED_VARIABLE = YES;
				IPHONEOS_DEPLOYMENT_TARGET = 8.0;
				MTL_ENABLE_DEBUG_INFO = NO;
				SDKROOT = iphoneos;
				VALIDATE_PRODUCT = YES;
			};
			name = Release;
		};
		59AA5D8419EB4E7500A7F590 /* Debug */ = {
			isa = XCBuildConfiguration;
			buildSettings = {
				ASSETCATALOG_COMPILER_APPICON_NAME = AppIcon;
				INFOPLIST_FILE = TipCalc/Info.plist;
				LD_RUNPATH_SEARCH_PATHS = "$(inherited) @executable_path/Frameworks";
				PRODUCT_NAME = "$(TARGET_NAME)";
			};
			name = Debug;
		};
		59AA5D8519EB4E7500A7F590 /* Release */ = {
			isa = XCBuildConfiguration;
			buildSettings = {
				ASSETCATALOG_COMPILER_APPICON_NAME = AppIcon;
				INFOPLIST_FILE = TipCalc/Info.plist;
				LD_RUNPATH_SEARCH_PATHS = "$(inherited) @executable_path/Frameworks";
				PRODUCT_NAME = "$(TARGET_NAME)";
			};
			name = Release;
		};
		59AA5D8719EB4E7500A7F590 /* Debug */ = {
			isa = XCBuildConfiguration;
			buildSettings = {
				BUNDLE_LOADER = "$(TEST_HOST)";
				FRAMEWORK_SEARCH_PATHS = (
					"$(SDKROOT)/Developer/Library/Frameworks",
					"$(inherited)",
				);
				GCC_PREPROCESSOR_DEFINITIONS = (
					"DEBUG=1",
					"$(inherited)",
				);
				INFOPLIST_FILE = TipCalcTests/Info.plist;
				LD_RUNPATH_SEARCH_PATHS = "$(inherited) @executable_path/Frameworks @loader_path/Frameworks";
				PRODUCT_NAME = "$(TARGET_NAME)";
				TEST_HOST = "$(BUILT_PRODUCTS_DIR)/TipCalc.app/TipCalc";
			};
			name = Debug;
		};
		59AA5D8819EB4E7500A7F590 /* Release */ = {
			isa = XCBuildConfiguration;
			buildSettings = {
				BUNDLE_LOADER = "$(TEST_HOST)";
				FRAMEWORK_SEARCH_PATHS = (
					"$(SDKROOT)/Developer/Library/Frameworks",
					"$(inherited)",
				);
				INFOPLIST_FILE = TipCalcTests/Info.plist;
				LD_RUNPATH_SEARCH_PATHS = "$(inherited) @executable_path/Frameworks @loader_path/Frameworks";
				PRODUCT_NAME = "$(TARGET_NAME)";
				TEST_HOST = "$(BUILT_PRODUCTS_DIR)/TipCalc.app/TipCalc";
			};
			name = Release;
		};
/* End XCBuildConfiguration section */

/* Begin XCConfigurationList section */
		59AA5D5F19EB4E7500A7F590 /* Build configuration list for PBXProject "TipCalc" */ = {
			isa = XCConfigurationList;
			buildConfigurations = (
				59AA5D8119EB4E7500A7F590 /* Debug */,
				59AA5D8219EB4E7500A7F590 /* Release */,
			);
			defaultConfigurationIsVisible = 0;
			defaultConfigurationName = Release;
		};
		59AA5D8319EB4E7500A7F590 /* Build configuration list for PBXNativeTarget "TipCalc" */ = {
			isa = XCConfigurationList;
			buildConfigurations = (
				59AA5D8419EB4E7500A7F590 /* Debug */,
				59AA5D8519EB4E7500A7F590 /* Release */,
			);
			defaultConfigurationIsVisible = 0;
			defaultConfigurationName = Release;
		};
		59AA5D8619EB4E7500A7F590 /* Build configuration list for PBXNativeTarget "TipCalcTests" */ = {
			isa = XCConfigurationList;
			buildConfigurations = (
				59AA5D8719EB4E7500A7F590 /* Debug */,
				59AA5D8819EB4E7500A7F590 /* Release */,
			);
			defaultConfigurationIsVisible = 0;
			defaultConfigurationName = Release;
		};
/* End XCConfigurationList section */
	};
	rootObject = 59AA5D5C19EB4E7500A7F590 /* Project object */;
}
